
Microsoft Visual Studio Solution File, Format Version 12.00
# Visual Studio Version 17
VisualStudioVersion = 17.10.34928.147
MinimumVisualStudioVersion = 10.0.40219.1
Project("{FAE04EC0-301F-11D3-BF4B-00C04F79EFBC}") = "TechChallenge.Contact.Api", "TechChallenge.Contact.Api.csproj", "{469F0F74-E58B-4F19-B391-4056D650EFB1}"
EndProject
Project("{FAE04EC0-301F-11D3-BF4B-00C04F79EFBC}") = "TechChallenge.Contact.Domain", "..\TechChallenge.Contact.Domain\TechChallenge.Contact.Domain.csproj", "{D25DF589-3E79-4A3A-B993-940CD033884F}"
EndProject
Project("{FAE04EC0-301F-11D3-BF4B-00C04F79EFBC}") = "TechChallenge.Contact.IoC", "..\TechChallenge.Contact.IoC\TechChallenge.Contact.IoC.csproj", "{9F1721D6-C7AD-48A8-981C-D645F07CA0AF}"
EndProject
Project("{FAE04EC0-301F-11D3-BF4B-00C04F79EFBC}") = "TechChallenge.Contact.Infrastructure", "..\TechChallenge.Contact.Infrastructure\TechChallenge.Contact.Infrastructure.csproj", "{C5525558-C5EA-4F38-8C92-0E7355FD5998}"
EndProject
Project("{FAE04EC0-301F-11D3-BF4B-00C04F79EFBC}") = "TechChallenge.Contact.Tests", "..\TechChallenge.Contact.Tests\TechChallenge.Contact.Tests.csproj", "{A3F437F9-0E61-414B-821E-1628ECEDD32C}"
EndProject
Global
	GlobalSection(SolutionConfigurationPlatforms) = preSolution
		Debug|Any CPU = Debug|Any CPU
		Release|Any CPU = Release|Any CPU
	EndGlobalSection
	GlobalSection(ProjectConfigurationPlatforms) = postSolution
		{469F0F74-E58B-4F19-B391-4056D650EFB1}.Debug|Any CPU.ActiveCfg = Debug|Any CPU
		{469F0F74-E58B-4F19-B391-4056D650EFB1}.Debug|Any CPU.Build.0 = Debug|Any CPU
		{469F0F74-E58B-4F19-B391-4056D650EFB1}.Release|Any CPU.ActiveCfg = Release|Any CPU
		{469F0F74-E58B-4F19-B391-4056D650EFB1}.Release|Any CPU.Build.0 = Release|Any CPU
		{D25DF589-3E79-4A3A-B993-940CD033884F}.Debug|Any CPU.ActiveCfg = Debug|Any CPU
		{D25DF589-3E79-4A3A-B993-940CD033884F}.Debug|Any CPU.Build.0 = Debug|Any CPU
		{D25DF589-3E79-4A3A-B993-940CD033884F}.Release|Any CPU.ActiveCfg = Release|Any CPU
		{D25DF589-3E79-4A3A-B993-940CD033884F}.Release|Any CPU.Build.0 = Release|Any CPU
		{9F1721D6-C7AD-48A8-981C-D645F07CA0AF}.Debug|Any CPU.ActiveCfg = Debug|Any CPU
		{9F1721D6-C7AD-48A8-981C-D645F07CA0AF}.Debug|Any CPU.Build.0 = Debug|Any CPU
		{9F1721D6-C7AD-48A8-981C-D645F07CA0AF}.Release|Any CPU.ActiveCfg = Release|Any CPU
		{9F1721D6-C7AD-48A8-981C-D645F07CA0AF}.Release|Any CPU.Build.0 = Release|Any CPU
		{C5525558-C5EA-4F38-8C92-0E7355FD5998}.Debug|Any CPU.ActiveCfg = Debug|Any CPU
		{C5525558-C5EA-4F38-8C92-0E7355FD5998}.Debug|Any CPU.Build.0 = Debug|Any CPU
		{C5525558-C5EA-4F38-8C92-0E7355FD5998}.Release|Any CPU.ActiveCfg = Release|Any CPU
		{C5525558-C5EA-4F38-8C92-0E7355FD5998}.Release|Any CPU.Build.0 = Release|Any CPU
		{A3F437F9-0E61-414B-821E-1628ECEDD32C}.Debug|Any CPU.ActiveCfg = Debug|Any CPU
		{A3F437F9-0E61-414B-821E-1628ECEDD32C}.Debug|Any CPU.Build.0 = Debug|Any CPU
		{A3F437F9-0E61-414B-821E-1628ECEDD32C}.Release|Any CPU.ActiveCfg = Release|Any CPU
		{A3F437F9-0E61-414B-821E-1628ECEDD32C}.Release|Any CPU.Build.0 = Release|Any CPU
	EndGlobalSection
	GlobalSection(SolutionProperties) = preSolution
		HideSolutionNode = FALSE
	EndGlobalSection
	GlobalSection(ExtensibilityGlobals) = postSolution
		SolutionGuid = {7FB9A122-0F1A-439B-B749-95F409C9D012}
	EndGlobalSection
EndGlobal
